
Microsoft Visual Studio Solution File, Format Version 12.00
# Visual Studio Version 17
VisualStudioVersion = 17.13.35818.85 d17.13
MinimumVisualStudioVersion = 10.0.40219.1
Project("{FAE04EC0-301F-11D3-BF4B-00C04F79EFBC}") = "RobotChampionData", "RobotChampionData\RobotChampionData.csproj", "{18CA2EA5-A19A-4F20-B61E-BA84DA520272}"
EndProject
Project("{FAE04EC0-301F-11D3-BF4B-00C04F79EFBC}") = "RobotChampionData.UnitTest", "RobotChampionData.UnitTest\RobotChampionData.UnitTest.csproj", "{DF07569A-058F-402E-8866-71C51956D5B9}"
EndProject
Global
	GlobalSection(SolutionConfigurationPlatforms) = preSolution
		Debug|Any CPU = Debug|Any CPU
		Release|Any CPU = Release|Any CPU
	EndGlobalSection
	GlobalSection(ProjectConfigurationPlatforms) = postSolution
		{18CA2EA5-A19A-4F20-B61E-BA84DA520272}.Debug|Any CPU.ActiveCfg = Debug|Any CPU
		{18CA2EA5-A19A-4F20-B61E-BA84DA520272}.Debug|Any CPU.Build.0 = Debug|Any CPU
		{18CA2EA5-A19A-4F20-B61E-BA84DA520272}.Release|Any CPU.ActiveCfg = Release|Any CPU
		{18CA2EA5-A19A-4F20-B61E-BA84DA520272}.Release|Any CPU.Build.0 = Release|Any CPU
		{DF07569A-058F-402E-8866-71C51956D5B9}.Debug|Any CPU.ActiveCfg = Debug|Any CPU
		{DF07569A-058F-402E-8866-71C51956D5B9}.Debug|Any CPU.Build.0 = Debug|Any CPU
		{DF07569A-058F-402E-8866-71C51956D5B9}.Release|Any CPU.ActiveCfg = Release|Any CPU
		{DF07569A-058F-402E-8866-71C51956D5B9}.Release|Any CPU.Build.0 = Release|Any CPU
	EndGlobalSection
	GlobalSection(SolutionProperties) = preSolution
		HideSolutionNode = FALSE
	EndGlobalSection
	GlobalSection(ExtensibilityGlobals) = postSolution
		SolutionGuid = {E5D67AE8-95CE-4EB8-8D10-5D4CE1BE591F}
	EndGlobalSection
EndGlobal
